# This file is autogenerated, do not edit; changes may be undone by the next 'dep ensure'.


[[projects]]
  branch = "master"
  digest = "1:7168126e41d7c8517d5f4ad2e2d19a050e936eed2f019f1132be022500613ff3"
  name = "github.com/GodlikePenguin/agogos-datatypes"
  packages = ["."]
  pruneopts = "UT"
  revision = "5bf2eb9f173a25296d1685a199544a859889736d"

[solve-meta]
  analyzer-name = "dep"
  analyzer-version = 1
  input-imports = ["github.com/GodlikePenguin/agogos-datatypes"]
  solver-name = "gps-cdcl"
  solver-version = 1
