# This file is autogenerated, do not edit; changes may be undone by the next 'dep ensure'.


[[projects]]
  branch = "master"
  digest = "1:9d61855055b42ed58fbf75b563e3755dc61bf3086b6f861c356fe0ddb0a65d82"
  name = "github.com/GodlikePenguin/agogos-datatypes"
  packages = ["."]
  pruneopts = "UT"
  revision = "163c83593136bd8a218a25eac8223c3dd8267c91"

[[projects]]
  branch = "master"
  digest = "1:69e7139f6d546cc6ffc9ca98e7f4cfe95be479f4044eb30bb92017b5b87c9d40"
  name = "github.com/buger/jsonparser"
  packages = ["."]
  pruneopts = "UT"
  revision = "bf1c66bbce23153d89b23f8960071a680dbef54b"

[[projects]]
  digest = "1:6f9339c912bbdda81302633ad7e99a28dfa5a639c864061f1929510a9a64aa74"
  name = "github.com/dustin/go-humanize"
  packages = ["."]
  pruneopts = "UT"
  revision = "9f541cc9db5d55bce703bd99987c9d5cb8eea45e"
  version = "v1.0.0"

[[projects]]
  digest = "1:b24d38b282bacf9791408a080f606370efa3d364e4b5fd9ba0f7b87786d3b679"
  name = "github.com/urfave/cli"
  packages = ["."]
  pruneopts = "UT"
  revision = "cfb38830724cc34fedffe9a2a29fb54fa9169cd1"
  version = "v1.20.0"

[solve-meta]
  analyzer-name = "dep"
  analyzer-version = 1
  input-imports = [
    "github.com/GodlikePenguin/agogos-datatypes",
    "github.com/buger/jsonparser",
    "github.com/dustin/go-humanize",
    "github.com/urfave/cli",
  ]
  solver-name = "gps-cdcl"
  solver-version = 1
